{
  "version": "5",
  "specifiers": {
    "npm:@bufbuild/protobuf@2": "2.11.0",
    "npm:@connectrpc/connect-web@2": "2.1.1_@bufbuild+protobuf@2.11.0_@connectrpc+connect@2.1.1__@bufbuild+protobuf@2.11.0",
    "npm:@connectrpc/connect@2": "2.1.1_@bufbuild+protobuf@2.11.0"
  },
  "npm": {
    "@bufbuild/protobuf@2.11.0": {
      "integrity": "sha512-sBXGT13cpmPR5BMgHE6UEEfEaShh5Ror6rfN3yEK5si7QVrtZg8LEPQb0VVhiLRUslD2yLnXtnRzG035J/mZXQ=="
    },
    "@connectrpc/connect-web@2.1.1_@bufbuild+protobuf@2.11.0_@connectrpc+connect@2.1.1__@bufbuild+protobuf@2.11.0": {
      "integrity": "sha512-J8317Q2MaFRCT1jzVR1o06bZhDIBmU0UAzWx6xOIXzOq8+k71/+k7MUF7AwcBUX+34WIvbm5syRgC5HXQA8fOg==",
      "dependencies": [
        "@bufbuild/protobuf",
        "@connectrpc/connect"
      ]
    },
    "@connectrpc/connect@2.1.1_@bufbuild+protobuf@2.11.0": {
      "integrity": "sha512-JzhkaTvM73m2K1URT6tv53k2RwngSmCXLZJgK580qNQOXRzZRR/BCMfZw3h+90JpnG6XksP5bYT+cz0rpUzUWQ==",
      "dependencies": [
        "@bufbuild/protobuf"
      ]
    }
  },
  "workspace": {
    "dependencies": [
      "npm:@bufbuild/protobuf@2",
      "npm:@connectrpc/connect-web@2",
      "npm:@connectrpc/connect@2"
    ],
    "packageJson": {
      "dependencies": [
        "npm:@bufbuild/protobuf@2",
        "npm:@connectrpc/connect-web@2",
        "npm:@connectrpc/connect@2"
      ]
    }
  }
}
